
Microsoft Visual Studio Solution File, Format Version 9.00
# Visual Studio 2005
Project("{8BC9CEB8-8B4A-11D0-8D11-00A0C91BC942}") = "pythia", "pythia.vcproj", "{07804D92-2DB4-4E51-A5BE-8B4035719954}"
EndProject
Global
	GlobalSection(SolutionConfigurationPlatforms) = preSolution
		Debug|Win32 = Debug|Win32
		Release|Win32 = Release|Win32
	EndGlobalSection
	GlobalSection(ProjectConfigurationPlatforms) = postSolution
		{07804D92-2DB4-4E51-A5BE-8B4035719954}.Debug|Win32.ActiveCfg = Debug|Win32
		{07804D92-2DB4-4E51-A5BE-8B4035719954}.Debug|Win32.Build.0 = Debug|Win32
		{07804D92-2DB4-4E51-A5BE-8B4035719954}.Release|Win32.ActiveCfg = Release|Win32
		{07804D92-2DB4-4E51-A5BE-8B4035719954}.Release|Win32.Build.0 = Release|Win32
	EndGlobalSection
	GlobalSection(SolutionProperties) = preSolution
		HideSolutionNode = FALSE
	EndGlobalSection
EndGlobal
